<?xml version="1.0" encoding="utf-8"?>
<Project ToolsVersion="4.0" xmlns="http://schemas.microsoft.com/developer/msbuild/2003">
  <ItemGroup>
    <Filter Include="Source Files">
      <UniqueIdentifier>{4FC737F1-C7A5-4376-A066-2A32D752A2FF}</UniqueIdentifier>
      <Extensions>cpp;c;cc;cxx;def;odl;idl;hpj;bat;asm;asmx</Extensions>
    </Filter>
    <Filter Include="Header Files">
      <UniqueIdentifier>{93995380-89BD-4b04-88EB-625FBE52EBFB}</UniqueIdentifier>
      <Extensions>h;hpp;hxx;hm;inl;inc;xsd</Extensions>
    </Filter>
    <Filter Include="mongo-c-driver-src">
      <UniqueIdentifier>{c19c89fb-e600-4d7a-be0e-ec81a84dd3cc}</UniqueIdentifier>
    </Filter>
  </ItemGroup>
  <ItemGroup>
    <ClCompile Include="DllMain.c">
      <Filter>Source Files</Filter>
    </ClCompile>
    <ClCompile Include="api_bson.c">
      <Filter>Source Files</Filter>
    </ClCompile>
    <ClCompile Include="api_mongo.c">
      <Filter>Source Files</Filter>
    </ClCompile>
    <ClCompile Include="api_gridfs.c">
      <Filter>Source Files</Filter>
    </ClCompile>
    <ClCompile Include="bson.c">
      <Filter>mongo-c-driver-src</Filter>
    </ClCompile>
    <ClCompile Include="encoding.c">
      <Filter>mongo-c-driver-src</Filter>
    </ClCompile>
    <ClCompile Include="gridfs.c">
      <Filter>mongo-c-driver-src</Filter>
    </ClCompile>
    <ClCompile Include="md5.c">
      <Filter>mongo-c-driver-src</Filter>
    </ClCompile>
    <ClCompile Include="mongo.c">
      <Filter>mongo-c-driver-src</Filter>
    </ClCompile>
    <ClCompile Include="net.c">
      <Filter>mongo-c-driver-src</Filter>
    </ClCompile>
    <ClCompile Include="numbers.c">
      <Filter>mongo-c-driver-src</Filter>
    </ClCompile>
  </ItemGroup>
  <ItemGroup>
    <ClInclude Include="MongoMatlabDriver.h">
      <Filter>Header Files</Filter>
    </ClInclude>
    <ClInclude Include="bson.h">
      <Filter>mongo-c-driver-src</Filter>
    </ClInclude>
    <ClInclude Include="encoding.h">
      <Filter>mongo-c-driver-src</Filter>
    </ClInclude>
    <ClInclude Include="gridfs.h">
      <Filter>mongo-c-driver-src</Filter>
    </ClInclude>
    <ClInclude Include="md5.h">
      <Filter>mongo-c-driver-src</Filter>
    </ClInclude>
    <ClInclude Include="mongo.h">
      <Filter>mongo-c-driver-src</Filter>
    </ClInclude>
    <ClInclude Include="net.h">
      <Filter>mongo-c-driver-src</Filter>
    </ClInclude>
    <ClInclude Include="platform.h">
      <Filter>mongo-c-driver-src</Filter>
    </ClInclude>
  </ItemGroup>
  <ItemGroup>
    <None Include="BsonBuffer.m">
      <Filter>Source Files</Filter>
    </None>
    <None Include="MongoStart.m">
      <Filter>Source Files</Filter>
    </None>
    <None Include="MongoStop.m">
      <Filter>Source Files</Filter>
    </None>
    <None Include="Bson.m">
      <Filter>Source Files</Filter>
    </None>
    <None Include="BsonIterator.m">
      <Filter>Source Files</Filter>
    </None>
    <None Include="MongoTest.m">
      <Filter>Source Files</Filter>
    </None>
    <None Include="BsonType.m">
      <Filter>Source Files</Filter>
    </None>
    <None Include="BsonOID.m">
      <Filter>Source Files</Filter>
    </None>
    <None Include="BsonRegex.m">
      <Filter>Source Files</Filter>
    </None>
    <None Include="BsonCodeWScope.m">
      <Filter>Source Files</Filter>
    </None>
    <None Include="BsonTimestamp.m">
      <Filter>Source Files</Filter>
    </None>
    <None Include="Mongo.m">
      <Filter>Source Files</Filter>
    </None>
    <None Include="MongoCursor.m">
      <Filter>Source Files</Filter>
    </None>
    <None Include="GridFS.m">
      <Filter>Source Files</Filter>
    </None>
    <None Include="GridfileWriter.m">
      <Filter>Source Files</Filter>
    </None>
    <None Include="Gridfile.m">
      <Filter>Source Files</Filter>
    </None>
    <None Include="COPYRIGHT.txt" />
    <None Include="LICENSE.txt" />
    <None Include="MongoSample.m">
      <Filter>Source Files</Filter>
    </None>
    <None Include=".gitignore" />
    <None Include="README.md" />
    <None Include="substr.m">
      <Filter>Source Files</Filter>
    </None>
  </ItemGroup>
</Project>